Microsoft Visual Studio Solution File, Format Version 12.00
# Visual Studio 2012
Project("{FAE04EC0-301F-11D3-BF4B-00C04F79EFBC}") = "PuzzleCourse", "PuzzleCourse.csproj", "{DB290A8C-B94B-4E23-BC84-600B7AE0737D}"
EndProject
Global
	GlobalSection(SolutionConfigurationPlatforms) = preSolution
	Debug|Any CPU = Debug|Any CPU
	ExportDebug|Any CPU = ExportDebug|Any CPU
	ExportRelease|Any CPU = ExportRelease|Any CPU
	EndGlobalSection
	GlobalSection(ProjectConfigurationPlatforms) = postSolution
		{DB290A8C-B94B-4E23-BC84-600B7AE0737D}.Debug|Any CPU.ActiveCfg = Debug|Any CPU
		{DB290A8C-B94B-4E23-BC84-600B7AE0737D}.Debug|Any CPU.Build.0 = Debug|Any CPU
		{DB290A8C-B94B-4E23-BC84-600B7AE0737D}.ExportDebug|Any CPU.ActiveCfg = ExportDebug|Any CPU
		{DB290A8C-B94B-4E23-BC84-600B7AE0737D}.ExportDebug|Any CPU.Build.0 = ExportDebug|Any CPU
		{DB290A8C-B94B-4E23-BC84-600B7AE0737D}.ExportRelease|Any CPU.ActiveCfg = ExportRelease|Any CPU
		{DB290A8C-B94B-4E23-BC84-600B7AE0737D}.ExportRelease|Any CPU.Build.0 = ExportRelease|Any CPU
	EndGlobalSection
EndGlobal
